// !$*UTF8*$!
{
	archiveVersion = 1;
	classes = {
	};
	objectVersion = 56;
	objects = {

/* Begin PBXBuildFile section */
		760C08752BACBB3D00842842 /* contactManager.swift in Sources */ = {isa = PBXBuildFile; fileRef = 760C08742BACBB3D00842842 /* contactManager.swift */; };
		764C7BBE2BA38885003EDBF9 /* KyoseidenApp.swift in Sources */ = {isa = PBXBuildFile; fileRef = 764C7BBD2BA38885003EDBF9 /* KyoseidenApp.swift */; };
		764C7BC42BA38888003EDBF9 /* Assets.xcassets in Resources */ = {isa = PBXBuildFile; fileRef = 764C7BC32BA38888003EDBF9 /* Assets.xcassets */; };
		764C7BC72BA38888003EDBF9 /* Preview Assets.xcassets in Resources */ = {isa = PBXBuildFile; fileRef = 764C7BC62BA38888003EDBF9 /* Preview Assets.xcassets */; };
		764C7BCE2BA38A23003EDBF9 /* userPreferences.swift in Sources */ = {isa = PBXBuildFile; fileRef = 764C7BCD2BA38A23003EDBF9 /* userPreferences.swift */; };
		764C7BD02BA38A3B003EDBF9 /* userSelectedContacts.swift in Sources */ = {isa = PBXBuildFile; fileRef = 764C7BCF2BA38A3B003EDBF9 /* userSelectedContacts.swift */; };
		764C7BD22BA38A5E003EDBF9 /* callSchedule.swift in Sources */ = {isa = PBXBuildFile; fileRef = 764C7BD12BA38A5E003EDBF9 /* callSchedule.swift */; };
		764C7BD42BA38A85003EDBF9 /* scheduledCall.swift in Sources */ = {isa = PBXBuildFile; fileRef = 764C7BD32BA38A85003EDBF9 /* scheduledCall.swift */; };
		764C7BD62BA38ABB003EDBF9 /* userSettings.swift in Sources */ = {isa = PBXBuildFile; fileRef = 764C7BD52BA38ABB003EDBF9 /* userSettings.swift */; };
		769B46ED2BAE110300069995 /* getContactImage.swift in Sources */ = {isa = PBXBuildFile; fileRef = 769B46EC2BAE110300069995 /* getContactImage.swift */; };
		76CA356F2BA828EB00B955B6 /* homeScreen.swift in Sources */ = {isa = PBXBuildFile; fileRef = 76CA356E2BA828EB00B955B6 /* homeScreen.swift */; };
		76CA35712BA82DDD00B955B6 /* editFriendList.swift in Sources */ = {isa = PBXBuildFile; fileRef = 76CA35702BA82DDD00B955B6 /* editFriendList.swift */; };
		76E87AF72BA83400008EB583 /* editSchedule.swift in Sources */ = {isa = PBXBuildFile; fileRef = 76E87AF62BA83400008EB583 /* editSchedule.swift */; };
/* End PBXBuildFile section */

/* Begin PBXFileReference section */
		760C08742BACBB3D00842842 /* contactManager.swift */ = {isa = PBXFileReference; lastKnownFileType = sourcecode.swift; path = contactManager.swift; sourceTree = "<group>"; };
		764C7BBA2BA38885003EDBF9 /* Kyoseiden.app */ = {isa = PBXFileReference; explicitFileType = wrapper.application; includeInIndex = 0; path = Kyoseiden.app; sourceTree = BUILT_PRODUCTS_DIR; };
		764C7BBD2BA38885003EDBF9 /* KyoseidenApp.swift */ = {isa = PBXFileReference; lastKnownFileType = sourcecode.swift; path = KyoseidenApp.swift; sourceTree = "<group>"; };
		764C7BC32BA38888003EDBF9 /* Assets.xcassets */ = {isa = PBXFileReference; lastKnownFileType = folder.assetcatalog; path = Assets.xcassets; sourceTree = "<group>"; };
		764C7BC62BA38888003EDBF9 /* Preview Assets.xcassets */ = {isa = PBXFileReference; lastKnownFileType = folder.assetcatalog; path = "Preview Assets.xcassets"; sourceTree = "<group>"; };
		764C7BCD2BA38A23003EDBF9 /* userPreferences.swift */ = {isa = PBXFileReference; lastKnownFileType = sourcecode.swift; path = userPreferences.swift; sourceTree = "<group>"; };
		764C7BCF2BA38A3B003EDBF9 /* userSelectedContacts.swift */ = {isa = PBXFileReference; lastKnownFileType = sourcecode.swift; path = userSelectedContacts.swift; sourceTree = "<group>"; };
		764C7BD12BA38A5E003EDBF9 /* callSchedule.swift */ = {isa = PBXFileReference; lastKnownFileType = sourcecode.swift; path = callSchedule.swift; sourceTree = "<group>"; };
		764C7BD32BA38A85003EDBF9 /* scheduledCall.swift */ = {isa = PBXFileReference; lastKnownFileType = sourcecode.swift; path = scheduledCall.swift; sourceTree = "<group>"; };
		764C7BD52BA38ABB003EDBF9 /* userSettings.swift */ = {isa = PBXFileReference; lastKnownFileType = sourcecode.swift; path = userSettings.swift; sourceTree = "<group>"; };
		769B46EC2BAE110300069995 /* getContactImage.swift */ = {isa = PBXFileReference; lastKnownFileType = sourcecode.swift; path = getContactImage.swift; sourceTree = "<group>"; };
		76CA35672BA635EC00B955B6 /* Info.plist */ = {isa = PBXFileReference; lastKnownFileType = text.plist; path = Info.plist; sourceTree = "<group>"; };
		76CA356E2BA828EB00B955B6 /* homeScreen.swift */ = {isa = PBXFileReference; lastKnownFileType = sourcecode.swift; path = homeScreen.swift; sourceTree = "<group>"; };
		76CA35702BA82DDD00B955B6 /* editFriendList.swift */ = {isa = PBXFileReference; lastKnownFileType = sourcecode.swift; path = editFriendList.swift; sourceTree = "<group>"; };
		76E87AF62BA83400008EB583 /* editSchedule.swift */ = {isa = PBXFileReference; lastKnownFileType = sourcecode.swift; path = editSchedule.swift; sourceTree = "<group>"; };
/* End PBXFileReference section */

/* Begin PBXFrameworksBuildPhase section */
		764C7BB72BA38885003EDBF9 /* Frameworks */ = {
			isa = PBXFrameworksBuildPhase;
			buildActionMask = 2147483647;
			files = (
			);
			runOnlyForDeploymentPostprocessing = 0;
		};
/* End PBXFrameworksBuildPhase section */

/* Begin PBXGroup section */
		760C08762BACBC0A00842842 /* Classes */ = {
			isa = PBXGroup;
			children = (
				760C08742BACBB3D00842842 /* contactManager.swift */,
				764C7BCD2BA38A23003EDBF9 /* userPreferences.swift */,
				764C7BD12BA38A5E003EDBF9 /* callSchedule.swift */,
				764C7BD52BA38ABB003EDBF9 /* userSettings.swift */,
				764C7BD32BA38A85003EDBF9 /* scheduledCall.swift */,
				764C7BCF2BA38A3B003EDBF9 /* userSelectedContacts.swift */,
			);
			path = Classes;
			sourceTree = "<group>";
		};
		760C08772BACBC1A00842842 /* Views */ = {
			isa = PBXGroup;
			children = (
				76CA356E2BA828EB00B955B6 /* homeScreen.swift */,
				76E87AF62BA83400008EB583 /* editSchedule.swift */,
				76CA35702BA82DDD00B955B6 /* editFriendList.swift */,
			);
			path = Views;
			sourceTree = "<group>";
		};
		764C7BB12BA38885003EDBF9 = {
			isa = PBXGroup;
			children = (
				764C7BBC2BA38885003EDBF9 /* Kyoseiden */,
				764C7BBB2BA38885003EDBF9 /* Products */,
			);
			sourceTree = "<group>";
		};
		764C7BBB2BA38885003EDBF9 /* Products */ = {
			isa = PBXGroup;
			children = (
				764C7BBA2BA38885003EDBF9 /* Kyoseiden.app */,
			);
			name = Products;
			sourceTree = "<group>";
		};
		764C7BBC2BA38885003EDBF9 /* Kyoseiden */ = {
			isa = PBXGroup;
			children = (
				76CA35672BA635EC00B955B6 /* Info.plist */,
				764C7BBD2BA38885003EDBF9 /* KyoseidenApp.swift */,
				769B46EB2BAE10DA00069995 /* Funcs */,
				760C08772BACBC1A00842842 /* Views */,
				760C08762BACBC0A00842842 /* Classes */,
				764C7BC32BA38888003EDBF9 /* Assets.xcassets */,
				764C7BC52BA38888003EDBF9 /* Preview Content */,
			);
			path = Kyoseiden;
			sourceTree = "<group>";
		};
		764C7BC52BA38888003EDBF9 /* Preview Content */ = {
			isa = PBXGroup;
			children = (
				764C7BC62BA38888003EDBF9 /* Preview Assets.xcassets */,
			);
			path = "Preview Content";
			sourceTree = "<group>";
		};
		769B46EB2BAE10DA00069995 /* Funcs */ = {
			isa = PBXGroup;
			children = (
				769B46EC2BAE110300069995 /* getContactImage.swift */,
			);
			path = Funcs;
			sourceTree = "<group>";
		};
/* End PBXGroup section */

/* Begin PBXNativeTarget section */
		764C7BB92BA38885003EDBF9 /* Kyoseiden */ = {
			isa = PBXNativeTarget;
			buildConfigurationList = 764C7BCA2BA38888003EDBF9 /* Build configuration list for PBXNativeTarget "Kyoseiden" */;
			buildPhases = (
				764C7BB62BA38885003EDBF9 /* Sources */,
				764C7BB72BA38885003EDBF9 /* Frameworks */,
				764C7BB82BA38885003EDBF9 /* Resources */,
			);
			buildRules = (
			);
			dependencies = (
			);
			name = Kyoseiden;
			productName = Kyoseiden;
			productReference = 764C7BBA2BA38885003EDBF9 /* Kyoseiden.app */;
			productType = "com.apple.product-type.application";
		};
/* End PBXNativeTarget section */

/* Begin PBXProject section */
		764C7BB22BA38885003EDBF9 /* Project object */ = {
			isa = PBXProject;
			attributes = {
				BuildIndependentTargetsInParallel = 1;
				LastSwiftUpdateCheck = 1530;
				LastUpgradeCheck = 1530;
				TargetAttributes = {
					764C7BB92BA38885003EDBF9 = {
						CreatedOnToolsVersion = 15.3;
					};
				};
			};
			buildConfigurationList = 764C7BB52BA38885003EDBF9 /* Build configuration list for PBXProject "Kyoseiden" */;
			compatibilityVersion = "Xcode 14.0";
			developmentRegion = en;
			hasScannedForEncodings = 0;
			knownRegions = (
				en,
				Base,
			);
			mainGroup = 764C7BB12BA38885003EDBF9;
			productRefGroup = 764C7BBB2BA38885003EDBF9 /* Products */;
			projectDirPath = "";
			projectRoot = "";
			targets = (
				764C7BB92BA38885003EDBF9 /* Kyoseiden */,
			);
		};
/* End PBXProject section */

/* Begin PBXResourcesBuildPhase section */
		764C7BB82BA38885003EDBF9 /* Resources */ = {
			isa = PBXResourcesBuildPhase;
			buildActionMask = 2147483647;
			files = (
				764C7BC72BA38888003EDBF9 /* Preview Assets.xcassets in Resources */,
				764C7BC42BA38888003EDBF9 /* Assets.xcassets in Resources */,
			);
			runOnlyForDeploymentPostprocessing = 0;
		};
/* End PBXResourcesBuildPhase section */

/* Begin PBXSourcesBuildPhase section */
		764C7BB62BA38885003EDBF9 /* Sources */ = {
			isa = PBXSourcesBuildPhase;
			buildActionMask = 2147483647;
			files = (
				764C7BD42BA38A85003EDBF9 /* scheduledCall.swift in Sources */,
				764C7BD62BA38ABB003EDBF9 /* userSettings.swift in Sources */,
				764C7BCE2BA38A23003EDBF9 /* userPreferences.swift in Sources */,
				76E87AF72BA83400008EB583 /* editSchedule.swift in Sources */,
				76CA356F2BA828EB00B955B6 /* homeScreen.swift in Sources */,
				76CA35712BA82DDD00B955B6 /* editFriendList.swift in Sources */,
				769B46ED2BAE110300069995 /* getContactImage.swift in Sources */,
				764C7BD22BA38A5E003EDBF9 /* callSchedule.swift in Sources */,
				764C7BD02BA38A3B003EDBF9 /* userSelectedContacts.swift in Sources */,
				760C08752BACBB3D00842842 /* contactManager.swift in Sources */,
				764C7BBE2BA38885003EDBF9 /* KyoseidenApp.swift in Sources */,
			);
			runOnlyForDeploymentPostprocessing = 0;
		};
/* End PBXSourcesBuildPhase section */

/* Begin XCBuildConfiguration section */
		764C7BC82BA38888003EDBF9 /* Debug */ = {
			isa = XCBuildConfiguration;
			buildSettings = {
				ALWAYS_SEARCH_USER_PATHS = NO;
				ASSETCATALOG_COMPILER_GENERATE_SWIFT_ASSET_SYMBOL_EXTENSIONS = YES;
				CLANG_ANALYZER_NONNULL = YES;
				CLANG_ANALYZER_NUMBER_OBJECT_CONVERSION = YES_AGGRESSIVE;
				CLANG_CXX_LANGUAGE_STANDARD = "gnu++20";
				CLANG_ENABLE_MODULES = YES;
				CLANG_ENABLE_OBJC_ARC = YES;
				CLANG_ENABLE_OBJC_WEAK = YES;
				CLANG_WARN_BLOCK_CAPTURE_AUTORELEASING = YES;
				CLANG_WARN_BOOL_CONVERSION = YES;
				CLANG_WARN_COMMA = YES;
				CLANG_WARN_CONSTANT_CONVERSION = YES;
				CLANG_WARN_DEPRECATED_OBJC_IMPLEMENTATIONS = YES;
				CLANG_WARN_DIRECT_OBJC_ISA_USAGE = YES_ERROR;
				CLANG_WARN_DOCUMENTATION_COMMENTS = YES;
				CLANG_WARN_EMPTY_BODY = YES;
				CLANG_WARN_ENUM_CONVERSION = YES;
				CLANG_WARN_INFINITE_RECURSION = YES;
				CLANG_WARN_INT_CONVERSION = YES;
				CLANG_WARN_NON_LITERAL_NULL_CONVERSION = YES;
				CLANG_WARN_OBJC_IMPLICIT_RETAIN_SELF = YES;
				CLANG_WARN_OBJC_LITERAL_CONVERSION = YES;
				CLANG_WARN_OBJC_ROOT_CLASS = YES_ERROR;
				CLANG_WARN_QUOTED_INCLUDE_IN_FRAMEWORK_HEADER = YES;
				CLANG_WARN_RANGE_LOOP_ANALYSIS = YES;
				CLANG_WARN_STRICT_PROTOTYPES = YES;
				CLANG_WARN_SUSPICIOUS_MOVE = YES;
				CLANG_WARN_UNGUARDED_AVAILABILITY = YES_AGGRESSIVE;
				CLANG_WARN_UNREACHABLE_CODE = YES;
				CLANG_WARN__DUPLICATE_METHOD_MATCH = YES;
				COPY_PHASE_STRIP = NO;
				DEBUG_INFORMATION_FORMAT = dwarf;
				ENABLE_STRICT_OBJC_MSGSEND = YES;
				ENABLE_TESTABILITY = YES;
				ENABLE_USER_SCRIPT_SANDBOXING = YES;
				GCC_C_LANGUAGE_STANDARD = gnu17;
				GCC_DYNAMIC_NO_PIC = NO;
				GCC_NO_COMMON_BLOCKS = YES;
				GCC_OPTIMIZATION_LEVEL = 0;
				GCC_PREPROCESSOR_DEFINITIONS = (
					"DEBUG=1",
					"$(inherited)",
				);
				GCC_WARN_64_TO_32_BIT_CONVERSION = YES;
				GCC_WARN_ABOUT_RETURN_TYPE = YES_ERROR;
				GCC_WARN_UNDECLARED_SELECTOR = YES;
				GCC_WARN_UNINITIALIZED_AUTOS = YES_AGGRESSIVE;
				GCC_WARN_UNUSED_FUNCTION = YES;
				GCC_WARN_UNUSED_VARIABLE = YES;
				IPHONEOS_DEPLOYMENT_TARGET = 17.4;
				LOCALIZATION_PREFERS_STRING_CATALOGS = YES;
				MTL_ENABLE_DEBUG_INFO = INCLUDE_SOURCE;
				MTL_FAST_MATH = YES;
				ONLY_ACTIVE_ARCH = YES;
				SDKROOT = iphoneos;
				SWIFT_ACTIVE_COMPILATION_CONDITIONS = "DEBUG $(inherited)";
				SWIFT_OPTIMIZATION_LEVEL = "-Onone";
			};
			name = Debug;
		};
		764C7BC92BA38888003EDBF9 /* Release */ = {
			isa = XCBuildConfiguration;
			buildSettings = {
				ALWAYS_SEARCH_USER_PATHS = NO;
				ASSETCATALOG_COMPILER_GENERATE_SWIFT_ASSET_SYMBOL_EXTENSIONS = YES;
				CLANG_ANALYZER_NONNULL = YES;
				CLANG_ANALYZER_NUMBER_OBJECT_CONVERSION = YES_AGGRESSIVE;
				CLANG_CXX_LANGUAGE_STANDARD = "gnu++20";
				CLANG_ENABLE_MODULES = YES;
				CLANG_ENABLE_OBJC_ARC = YES;
				CLANG_ENABLE_OBJC_WEAK = YES;
				CLANG_WARN_BLOCK_CAPTURE_AUTORELEASING = YES;
				CLANG_WARN_BOOL_CONVERSION = YES;
				CLANG_WARN_COMMA = YES;
				CLANG_WARN_CONSTANT_CONVERSION = YES;
				CLANG_WARN_DEPRECATED_OBJC_IMPLEMENTATIONS = YES;
				CLANG_WARN_DIRECT_OBJC_ISA_USAGE = YES_ERROR;
				CLANG_WARN_DOCUMENTATION_COMMENTS = YES;
				CLANG_WARN_EMPTY_BODY = YES;
				CLANG_WARN_ENUM_CONVERSION = YES;
				CLANG_WARN_INFINITE_RECURSION = YES;
				CLANG_WARN_INT_CONVERSION = YES;
				CLANG_WARN_NON_LITERAL_NULL_CONVERSION = YES;
				CLANG_WARN_OBJC_IMPLICIT_RETAIN_SELF = YES;
				CLANG_WARN_OBJC_LITERAL_CONVERSION = YES;
				CLANG_WARN_OBJC_ROOT_CLASS = YES_ERROR;
				CLANG_WARN_QUOTED_INCLUDE_IN_FRAMEWORK_HEADER = YES;
				CLANG_WARN_RANGE_LOOP_ANALYSIS = YES;
				CLANG_WARN_STRICT_PROTOTYPES = YES;
				CLANG_WARN_SUSPICIOUS_MOVE = YES;
				CLANG_WARN_UNGUARDED_AVAILABILITY = YES_AGGRESSIVE;
				CLANG_WARN_UNREACHABLE_CODE = YES;
				CLANG_WARN__DUPLICATE_METHOD_MATCH = YES;
				COPY_PHASE_STRIP = NO;
				DEBUG_INFORMATION_FORMAT = "dwarf-with-dsym";
				ENABLE_NS_ASSERTIONS = NO;
				ENABLE_STRICT_OBJC_MSGSEND = YES;
				ENABLE_USER_SCRIPT_SANDBOXING = YES;
				GCC_C_LANGUAGE_STANDARD = gnu17;
				GCC_NO_COMMON_BLOCKS = YES;
				GCC_WARN_64_TO_32_BIT_CONVERSION = YES;
				GCC_WARN_ABOUT_RETURN_TYPE = YES_ERROR;
				GCC_WARN_UNDECLARED_SELECTOR = YES;
				GCC_WARN_UNINITIALIZED_AUTOS = YES_AGGRESSIVE;
				GCC_WARN_UNUSED_FUNCTION = YES;
				GCC_WARN_UNUSED_VARIABLE = YES;
				IPHONEOS_DEPLOYMENT_TARGET = 17.4;
				LOCALIZATION_PREFERS_STRING_CATALOGS = YES;
				MTL_ENABLE_DEBUG_INFO = NO;
				MTL_FAST_MATH = YES;
				SDKROOT = iphoneos;
				SWIFT_COMPILATION_MODE = wholemodule;
				VALIDATE_PRODUCT = YES;
			};
			name = Release;
		};
		764C7BCB2BA38888003EDBF9 /* Debug */ = {
			isa = XCBuildConfiguration;
			buildSettings = {
				ASSETCATALOG_COMPILER_APPICON_NAME = AppIcon;
				ASSETCATALOG_COMPILER_GLOBAL_ACCENT_COLOR_NAME = AccentColor;
				CODE_SIGN_STYLE = Automatic;
				CURRENT_PROJECT_VERSION = 1;
				DEVELOPMENT_ASSET_PATHS = "\"Kyoseiden/Preview Content\"";
				DEVELOPMENT_TEAM = Q3Q2RT2YDY;
				ENABLE_PREVIEWS = YES;
				GENERATE_INFOPLIST_FILE = YES;
				INFOPLIST_FILE = Kyoseiden/Info.plist;
				INFOPLIST_KEY_UIApplicationSceneManifest_Generation = YES;
				INFOPLIST_KEY_UIApplicationSupportsIndirectInputEvents = YES;
				INFOPLIST_KEY_UILaunchScreen_Generation = YES;
				INFOPLIST_KEY_UISupportedInterfaceOrientations_iPad = "UIInterfaceOrientationPortrait UIInterfaceOrientationPortraitUpsideDown UIInterfaceOrientationLandscapeLeft UIInterfaceOrientationLandscapeRight";
				INFOPLIST_KEY_UISupportedInterfaceOrientations_iPhone = "UIInterfaceOrientationPortrait UIInterfaceOrientationLandscapeLeft UIInterfaceOrientationLandscapeRight";
				LD_RUNPATH_SEARCH_PATHS = (
					"$(inherited)",
					"@executable_path/Frameworks",
				);
				MARKETING_VERSION = 1.0;
				PRODUCT_BUNDLE_IDENTIFIER = com.LeLoupPendu.Kyoseiden;
				PRODUCT_NAME = "$(TARGET_NAME)";
				SWIFT_EMIT_LOC_STRINGS = YES;
				SWIFT_VERSION = 5.0;
				TARGETED_DEVICE_FAMILY = "1,2";
			};
			name = Debug;
		};
		764C7BCC2BA38888003EDBF9 /* Release */ = {
			isa = XCBuildConfiguration;
			buildSettings = {
				ASSETCATALOG_COMPILER_APPICON_NAME = AppIcon;
				ASSETCATALOG_COMPILER_GLOBAL_ACCENT_COLOR_NAME = AccentColor;
				CODE_SIGN_STYLE = Automatic;
				CURRENT_PROJECT_VERSION = 1;
				DEVELOPMENT_ASSET_PATHS = "\"Kyoseiden/Preview Content\"";
				DEVELOPMENT_TEAM = Q3Q2RT2YDY;
				ENABLE_PREVIEWS = YES;
				GENERATE_INFOPLIST_FILE = YES;
				INFOPLIST_FILE = Kyoseiden/Info.plist;
				INFOPLIST_KEY_UIApplicationSceneManifest_Generation = YES;
				INFOPLIST_KEY_UIApplicationSupportsIndirectInputEvents = YES;
				INFOPLIST_KEY_UILaunchScreen_Generation = YES;
				INFOPLIST_KEY_UISupportedInterfaceOrientations_iPad = "UIInterfaceOrientationPortrait UIInterfaceOrientationPortraitUpsideDown UIInterfaceOrientationLandscapeLeft UIInterfaceOrientationLandscapeRight";
				INFOPLIST_KEY_UISupportedInterfaceOrientations_iPhone = "UIInterfaceOrientationPortrait UIInterfaceOrientationLandscapeLeft UIInterfaceOrientationLandscapeRight";
				LD_RUNPATH_SEARCH_PATHS = (
					"$(inherited)",
					"@executable_path/Frameworks",
				);
				MARKETING_VERSION = 1.0;
				PRODUCT_BUNDLE_IDENTIFIER = com.LeLoupPendu.Kyoseiden;
				PRODUCT_NAME = "$(TARGET_NAME)";
				SWIFT_EMIT_LOC_STRINGS = YES;
				SWIFT_VERSION = 5.0;
				TARGETED_DEVICE_FAMILY = "1,2";
			};
			name = Release;
		};
/* End XCBuildConfiguration section */

/* Begin XCConfigurationList section */
		764C7BB52BA38885003EDBF9 /* Build configuration list for PBXProject "Kyoseiden" */ = {
			isa = XCConfigurationList;
			buildConfigurations = (
				764C7BC82BA38888003EDBF9 /* Debug */,
				764C7BC92BA38888003EDBF9 /* Release */,
			);
			defaultConfigurationIsVisible = 0;
			defaultConfigurationName = Release;
		};
		764C7BCA2BA38888003EDBF9 /* Build configuration list for PBXNativeTarget "Kyoseiden" */ = {
			isa = XCConfigurationList;
			buildConfigurations = (
				764C7BCB2BA38888003EDBF9 /* Debug */,
				764C7BCC2BA38888003EDBF9 /* Release */,
			);
			defaultConfigurationIsVisible = 0;
			defaultConfigurationName = Release;
		};
/* End XCConfigurationList section */
	};
	rootObject = 764C7BB22BA38885003EDBF9 /* Project object */;
}
